{
  "nodes": {
    "darwin": {
      "inputs": {
        "nixpkgs": [
          "nixpkgs"
        ]
      },
      "locked": {
        "lastModified": 1713946171,
        "narHash": "sha256-lc75rgRQLdp4Dzogv5cfqOg6qYc5Rp83oedF2t0kDp8=",
        "owner": "LnL7",
        "repo": "nix-darwin",
        "rev": "230a197063de9287128e2c68a7a4b0cd7d0b50a7",
        "type": "github"
      },
      "original": {
        "owner": "LnL7",
        "ref": "master",
        "repo": "nix-darwin",
        "type": "github"
      }
    },
    "home-manager": {
      "inputs": {
        "nixpkgs": [
          "nixpkgs"
        ]
      },
      "locked": {
        "lastModified": 1714900398,
        "narHash": "sha256-H7XYHpjk1G6dkA3AnbYrKtaTFjcCE7ul6nUVlVQxtsA=",
        "owner": "nix-community",
        "repo": "home-manager",
        "rev": "fdaaf543bad047639ef0b356ea2e6caec2f1215c",
        "type": "github"
      },
      "original": {
        "owner": "nix-community",
        "repo": "home-manager",
        "type": "github"
      }
    },
    "nix-config-private": {
      "locked": {
        "lastModified": 1689435652,
        "narHash": "sha256-6AZ9gDLCGaFtrMXUWinFNqqm94alLGBNPR9ChnX3y/k=",
        "ref": "refs/heads/main",
        "rev": "ac47a13ce9ab3cf6336aba50c91048503b6ba158",
        "revCount": 1,
        "type": "git",
        "url": "ssh://git@github.com/milesbxf/nix-config-private"
      },
      "original": {
        "type": "git",
        "url": "ssh://git@github.com/milesbxf/nix-config-private"
      }
    },
    "nixpkgs": {
      "locked": {
        "lastModified": 1714858427,
        "narHash": "sha256-tCxeDP4C1pWe2rYY3IIhdA40Ujz32Ufd4tcrHPSKx2M=",
        "owner": "NixOS",
        "repo": "nixpkgs",
        "rev": "b980b91038fc4b09067ef97bbe5ad07eecca1e76",
        "type": "github"
      },
      "original": {
        "owner": "NixOS",
        "ref": "nixpkgs-23.11-darwin",
        "repo": "nixpkgs",
        "type": "github"
      }
    },
    "root": {
      "inputs": {
        "darwin": "darwin",
        "home-manager": "home-manager",
        "nix-config-private": "nix-config-private",
        "nixpkgs": "nixpkgs"
      }
    }
  },
  "root": "root",
  "version": 7
}
